
Microsoft Visual Studio Solution File, Format Version 12.00
# Visual Studio Version 17
VisualStudioVersion = 17.5.33424.131
MinimumVisualStudioVersion = 10.0.40219.1
Project("{FAE04EC0-301F-11D3-BF4B-00C04F79EFBC}") = "RestWithASPNETUdemy", "RestWithASPNETUdemy\RestWithASPNETUdemy.csproj", "{F9F1E72E-F914-4509-9E46-0F6EEDB98E28}"
EndProject
Global
	GlobalSection(SolutionConfigurationPlatforms) = preSolution
		Debug|Any CPU = Debug|Any CPU
		Release|Any CPU = Release|Any CPU
	EndGlobalSection
	GlobalSection(ProjectConfigurationPlatforms) = postSolution
		{F9F1E72E-F914-4509-9E46-0F6EEDB98E28}.Debug|Any CPU.ActiveCfg = Debug|Any CPU
		{F9F1E72E-F914-4509-9E46-0F6EEDB98E28}.Debug|Any CPU.Build.0 = Debug|Any CPU
		{F9F1E72E-F914-4509-9E46-0F6EEDB98E28}.Release|Any CPU.ActiveCfg = Release|Any CPU
		{F9F1E72E-F914-4509-9E46-0F6EEDB98E28}.Release|Any CPU.Build.0 = Release|Any CPU
	EndGlobalSection
	GlobalSection(SolutionProperties) = preSolution
		HideSolutionNode = FALSE
	EndGlobalSection
	GlobalSection(ExtensibilityGlobals) = postSolution
		SolutionGuid = {BA477DD2-CC1F-4B49-A051-D93CD8B89649}
	EndGlobalSection
EndGlobal
